{
  "lockfile_version": "1",
  "packages": {
    "github:NixOS/nixpkgs/nixpkgs-unstable": {
      "last_modified": "2025-05-28T04:23:31Z",
      "resolved": "github:NixOS/nixpkgs/3d1f29646e4b57ed468d60f9d286cde23a8d1707?lastModified=1748406211&narHash=sha256-B3BsCRbc%2Bx%2Fd0WiG1f%2BqfSLUy%2BoiIfih54kalWBi%2B%2FM%3D"
    },
    "pgloader@3.6.9": {
      "last_modified": "2025-05-16T20:19:48Z",
      "resolved": "github:NixOS/nixpkgs/12a55407652e04dcf2309436eb06fef0d3713ef3#pgloader",
      "source": "devbox-search",
      "version": "3.6.9",
      "systems": {
        "aarch64-darwin": {
          "outputs": [
            {
              "name": "out",
              "path": "/nix/store/v4z208wsn2xc875c82ghvb4xyk6g8wdq-pgloader-3.6.9",
              "default": true
            }
          ],
          "store_path": "/nix/store/v4z208wsn2xc875c82ghvb4xyk6g8wdq-pgloader-3.6.9"
        },
        "aarch64-linux": {
          "outputs": [
            {
              "name": "out",
              "path": "/nix/store/7ff5m5hgmkya3q3zar6imd9wqxsk1z3j-pgloader-3.6.9",
              "default": true
            }
          ],
          "store_path": "/nix/store/7ff5m5hgmkya3q3zar6imd9wqxsk1z3j-pgloader-3.6.9"
        },
        "x86_64-darwin": {
          "outputs": [
            {
              "name": "out",
              "path": "/nix/store/k13s16vqykm8p0nv5cdgwp2wkfjsiga4-pgloader-3.6.9",
              "default": true
            }
          ],
          "store_path": "/nix/store/k13s16vqykm8p0nv5cdgwp2wkfjsiga4-pgloader-3.6.9"
        },
        "x86_64-linux": {
          "outputs": [
            {
              "name": "out",
              "path": "/nix/store/5al76w43gn52vcbsm3aazywkfm3zyp7a-pgloader-3.6.9",
              "default": true
            }
          ],
          "store_path": "/nix/store/5al76w43gn52vcbsm3aazywkfm3zyp7a-pgloader-3.6.9"
        }
      }
    }
  }
}
